// !$*UTF8*$!
{
	archiveVersion = 1;
	classes = {
	};
	objectVersion = 77;
	objects = {

/* Begin PBXBuildFile section */
		AA444B8F2F952A2A0039D728 /* FirebaseAuth in Frameworks */ = {isa = PBXBuildFile; productRef = AA444AF42F9507D50039D728 /* FirebaseAuth */; };
		AA444B902F952A2A0039D728 /* FirebaseCore in Frameworks */ = {isa = PBXBuildFile; productRef = AA444AF52F9507D50039D728 /* FirebaseCore */; };
		AA444BF52F95359A0039D728 /* FirebaseAnalytics in Frameworks */ = {isa = PBXBuildFile; productRef = AA444BF42F95359A0039D728 /* FirebaseAnalytics */; };
		AA444BF72F95359A0039D728 /* FirebaseAnalyticsCore in Frameworks */ = {isa = PBXBuildFile; productRef = AA444BF62F95359A0039D728 /* FirebaseAnalyticsCore */; };
		AA444BF92F95359A0039D728 /* FirebaseAuthCombine-Community in Frameworks */ = {isa = PBXBuildFile; productRef = AA444BF82F95359A0039D728 /* FirebaseAuthCombine-Community */; };
		AA444BFB2F95359A0039D728 /* FirebaseCrashlytics in Frameworks */ = {isa = PBXBuildFile; productRef = AA444BFA2F95359A0039D728 /* FirebaseCrashlytics */; };
		AA444CC82F9537FF0039D728 /* GoogleSignIn in Frameworks */ = {isa = PBXBuildFile; productRef = AA444C212F95359A0039D728 /* GoogleSignIn */; };
/* End PBXBuildFile section */

/* Begin PBXContainerItemProxy section */
		AA444AD12F9507D50039D728 /* PBXContainerItemProxy */ = {
			isa = PBXContainerItemProxy;
			containerPortal = AA444AB72F9507D30039D728 /* Project object */;
			proxyType = 1;
			remoteGlobalIDString = AA444ABE2F9507D30039D728;
			remoteInfo = momentra;
		};
		AA444ADB2F9507D50039D728 /* PBXContainerItemProxy */ = {
			isa = PBXContainerItemProxy;
			containerPortal = AA444AB72F9507D30039D728 /* Project object */;
			proxyType = 1;
			remoteGlobalIDString = AA444ABE2F9507D30039D728;
			remoteInfo = momentra;
		};
/* End PBXContainerItemProxy section */

/* Begin PBXFileReference section */
		AA444ABF2F9507D30039D728 /* momentra.app */ = {isa = PBXFileReference; explicitFileType = wrapper.application; includeInIndex = 0; path = momentra.app; sourceTree = BUILT_PRODUCTS_DIR; };
		AA444AD02F9507D50039D728 /* momentraTests.xctest */ = {isa = PBXFileReference; explicitFileType = wrapper.cfbundle; includeInIndex = 0; path = momentraTests.xctest; sourceTree = BUILT_PRODUCTS_DIR; };
		AA444ADA2F9507D50039D728 /* momentraUITests.xctest */ = {isa = PBXFileReference; explicitFileType = wrapper.cfbundle; includeInIndex = 0; path = momentraUITests.xctest; sourceTree = BUILT_PRODUCTS_DIR; };
/* End PBXFileReference section */

/* Begin PBXFileSystemSynchronizedBuildFileExceptionSet section */
		AA444AE22F9507D50039D728 /* Exceptions for "momentra" folder in "momentra" target */ = {
			isa = PBXFileSystemSynchronizedBuildFileExceptionSet;
			membershipExceptions = (
				Info.plist,
			);
			target = AA444ABE2F9507D30039D728 /* momentra */;
		};
/* End PBXFileSystemSynchronizedBuildFileExceptionSet section */

/* Begin PBXFileSystemSynchronizedRootGroup section */
		AA444AC12F9507D30039D728 /* momentra */ = {
			isa = PBXFileSystemSynchronizedRootGroup;
			exceptions = (
				AA444AE22F9507D50039D728 /* Exceptions for "momentra" folder in "momentra" target */,
			);
			path = momentra;
			sourceTree = "<group>";
		};
		AA444AD32F9507D50039D728 /* momentraTests */ = {
			isa = PBXFileSystemSynchronizedRootGroup;
			path = momentraTests;
			sourceTree = "<group>";
		};
		AA444ADD2F9507D50039D728 /* momentraUITests */ = {
			isa = PBXFileSystemSynchronizedRootGroup;
			path = momentraUITests;
			sourceTree = "<group>";
		};
/* End PBXFileSystemSynchronizedRootGroup section */

/* Begin PBXFrameworksBuildPhase section */
		AA444ABC2F9507D30039D728 /* Frameworks */ = {
			isa = PBXFrameworksBuildPhase;
			buildActionMask = 2147483647;
			files = (
				AA444CC82F9537FF0039D728 /* GoogleSignIn in Frameworks */,
				AA444B902F952A2A0039D728 /* FirebaseCore in Frameworks */,
				AA444B8F2F952A2A0039D728 /* FirebaseAuth in Frameworks */,
				AA444BF52F95359A0039D728 /* FirebaseAnalytics in Frameworks */,
				AA444BFB2F95359A0039D728 /* FirebaseCrashlytics in Frameworks */,
				AA444BF72F95359A0039D728 /* FirebaseAnalyticsCore in Frameworks */,
				AA444BF92F95359A0039D728 /* FirebaseAuthCombine-Community in Frameworks */,
			);
			runOnlyForDeploymentPostprocessing = 0;
		};
		AA444ACD2F9507D50039D728 /* Frameworks */ = {
			isa = PBXFrameworksBuildPhase;
			buildActionMask = 2147483647;
			files = (
			);
			runOnlyForDeploymentPostprocessing = 0;
		};
		AA444AD72F9507D50039D728 /* Frameworks */ = {
			isa = PBXFrameworksBuildPhase;
			buildActionMask = 2147483647;
			files = (
			);
			runOnlyForDeploymentPostprocessing = 0;
		};
/* End PBXFrameworksBuildPhase section */

/* Begin PBXGroup section */
		AA444AB62F9507D30039D728 = {
			isa = PBXGroup;
			children = (
				AA444AC12F9507D30039D728 /* momentra */,
				AA444AD32F9507D50039D728 /* momentraTests */,
				AA444ADD2F9507D50039D728 /* momentraUITests */,
				AA444AC02F9507D30039D728 /* Products */,
			);
			sourceTree = "<group>";
		};
		AA444AC02F9507D30039D728 /* Products */ = {
			isa = PBXGroup;
			children = (
				AA444ABF2F9507D30039D728 /* momentra.app */,
				AA444AD02F9507D50039D728 /* momentraTests.xctest */,
				AA444ADA2F9507D50039D728 /* momentraUITests.xctest */,
			);
			name = Products;
			sourceTree = "<group>";
		};
/* End PBXGroup section */

/* Begin PBXNativeTarget section */
		AA444ABE2F9507D30039D728 /* momentra */ = {
			isa = PBXNativeTarget;
			buildConfigurationList = AA444AE32F9507D50039D728 /* Build configuration list for PBXNativeTarget "momentra" */;
			buildPhases = (
				AA444ABB2F9507D30039D728 /* Sources */,
				AA444ABC2F9507D30039D728 /* Frameworks */,
				AA444ABD2F9507D30039D728 /* Resources */,
			);
			buildRules = (
			);
			dependencies = (
			);
			fileSystemSynchronizedGroups = (
				AA444AC12F9507D30039D728 /* momentra */,
			);
			name = momentra;
			packageProductDependencies = (
				AA444AF42F9507D50039D728 /* FirebaseAuth */,
				AA444AF52F9507D50039D728 /* FirebaseCore */,
				AA444BF42F95359A0039D728 /* FirebaseAnalytics */,
				AA444BF62F95359A0039D728 /* FirebaseAnalyticsCore */,
				AA444BF82F95359A0039D728 /* FirebaseAuthCombine-Community */,
				AA444BFA2F95359A0039D728 /* FirebaseCrashlytics */,
				AA444C212F95359A0039D728 /* GoogleSignIn */,
			);
			productName = momentra;
			productReference = AA444ABF2F9507D30039D728 /* momentra.app */;
			productType = "com.apple.product-type.application";
		};
		AA444ACF2F9507D50039D728 /* momentraTests */ = {
			isa = PBXNativeTarget;
			buildConfigurationList = AA444AE82F9507D50039D728 /* Build configuration list for PBXNativeTarget "momentraTests" */;
			buildPhases = (
				AA444ACC2F9507D50039D728 /* Sources */,
				AA444ACD2F9507D50039D728 /* Frameworks */,
				AA444ACE2F9507D50039D728 /* Resources */,
			);
			buildRules = (
			);
			dependencies = (
				AA444AD22F9507D50039D728 /* PBXTargetDependency */,
			);
			fileSystemSynchronizedGroups = (
				AA444AD32F9507D50039D728 /* momentraTests */,
			);
			name = momentraTests;
			packageProductDependencies = (
			);
			productName = momentraTests;
			productReference = AA444AD02F9507D50039D728 /* momentraTests.xctest */;
			productType = "com.apple.product-type.bundle.unit-test";
		};
		AA444AD92F9507D50039D728 /* momentraUITests */ = {
			isa = PBXNativeTarget;
			buildConfigurationList = AA444AEB2F9507D50039D728 /* Build configuration list for PBXNativeTarget "momentraUITests" */;
			buildPhases = (
				AA444AD62F9507D50039D728 /* Sources */,
				AA444AD72F9507D50039D728 /* Frameworks */,
				AA444AD82F9507D50039D728 /* Resources */,
			);
			buildRules = (
			);
			dependencies = (
				AA444ADC2F9507D50039D728 /* PBXTargetDependency */,
			);
			fileSystemSynchronizedGroups = (
				AA444ADD2F9507D50039D728 /* momentraUITests */,
			);
			name = momentraUITests;
			packageProductDependencies = (
			);
			productName = momentraUITests;
			productReference = AA444ADA2F9507D50039D728 /* momentraUITests.xctest */;
			productType = "com.apple.product-type.bundle.ui-testing";
		};
/* End PBXNativeTarget section */

/* Begin PBXProject section */
		AA444AB72F9507D30039D728 /* Project object */ = {
			isa = PBXProject;
			attributes = {
				BuildIndependentTargetsInParallel = 1;
				LastSwiftUpdateCheck = 2610;
				LastUpgradeCheck = 2610;
				TargetAttributes = {
					AA444ABE2F9507D30039D728 = {
						CreatedOnToolsVersion = 26.1.1;
					};
					AA444ACF2F9507D50039D728 = {
						CreatedOnToolsVersion = 26.1.1;
						TestTargetID = AA444ABE2F9507D30039D728;
					};
					AA444AD92F9507D50039D728 = {
						CreatedOnToolsVersion = 26.1.1;
						TestTargetID = AA444ABE2F9507D30039D728;
					};
				};
			};
			buildConfigurationList = AA444ABA2F9507D30039D728 /* Build configuration list for PBXProject "momentra" */;
			developmentRegion = en;
			hasScannedForEncodings = 0;
			knownRegions = (
				en,
				Base,
			);
			mainGroup = AA444AB62F9507D30039D728;
			minimizedProjectReferenceProxies = 1;
			packageReferences = (
				AA444AF32F9507D50039D728 /* XCRemoteSwiftPackageReference "firebase-ios-sdk" */,
				AA444C202F95359A0039D728 /* XCRemoteSwiftPackageReference "GoogleSignIn-iOS" */,
			);
			preferredProjectObjectVersion = 77;
			productRefGroup = AA444AC02F9507D30039D728 /* Products */;
			projectDirPath = "";
			projectRoot = "";
			targets = (
				AA444ABE2F9507D30039D728 /* momentra */,
				AA444ACF2F9507D50039D728 /* momentraTests */,
				AA444AD92F9507D50039D728 /* momentraUITests */,
			);
		};
/* End PBXProject section */

/* Begin PBXResourcesBuildPhase section */
		AA444ABD2F9507D30039D728 /* Resources */ = {
			isa = PBXResourcesBuildPhase;
			buildActionMask = 2147483647;
			files = (
			);
			runOnlyForDeploymentPostprocessing = 0;
		};
		AA444ACE2F9507D50039D728 /* Resources */ = {
			isa = PBXResourcesBuildPhase;
			buildActionMask = 2147483647;
			files = (
			);
			runOnlyForDeploymentPostprocessing = 0;
		};
		AA444AD82F9507D50039D728 /* Resources */ = {
			isa = PBXResourcesBuildPhase;
			buildActionMask = 2147483647;
			files = (
			);
			runOnlyForDeploymentPostprocessing = 0;
		};
/* End PBXResourcesBuildPhase section */

/* Begin PBXSourcesBuildPhase section */
		AA444ABB2F9507D30039D728 /* Sources */ = {
			isa = PBXSourcesBuildPhase;
			buildActionMask = 2147483647;
			files = (
			);
			runOnlyForDeploymentPostprocessing = 0;
		};
		AA444ACC2F9507D50039D728 /* Sources */ = {
			isa = PBXSourcesBuildPhase;
			buildActionMask = 2147483647;
			files = (
			);
			runOnlyForDeploymentPostprocessing = 0;
		};
		AA444AD62F9507D50039D728 /* Sources */ = {
			isa = PBXSourcesBuildPhase;
			buildActionMask = 2147483647;
			files = (
			);
			runOnlyForDeploymentPostprocessing = 0;
		};
/* End PBXSourcesBuildPhase section */

/* Begin PBXTargetDependency section */
		AA444AD22F9507D50039D728 /* PBXTargetDependency */ = {
			isa = PBXTargetDependency;
			target = AA444ABE2F9507D30039D728 /* momentra */;
			targetProxy = AA444AD12F9507D50039D728 /* PBXContainerItemProxy */;
		};
		AA444ADC2F9507D50039D728 /* PBXTargetDependency */ = {
			isa = PBXTargetDependency;
			target = AA444ABE2F9507D30039D728 /* momentra */;
			targetProxy = AA444ADB2F9507D50039D728 /* PBXContainerItemProxy */;
		};
/* End PBXTargetDependency section */

/* Begin XCBuildConfiguration section */
		AA444AE42F9507D50039D728 /* Debug */ = {
			isa = XCBuildConfiguration;
			buildSettings = {
				ASSETCATALOG_COMPILER_APPICON_NAME = AppIcon;
				ASSETCATALOG_COMPILER_GLOBAL_ACCENT_COLOR_NAME = AccentColor;
				AUTOMATION_APPLE_EVENTS = YES;
				CODE_SIGN_ENTITLEMENTS = momentra/momentra.entitlements;
				CODE_SIGN_STYLE = Automatic;
				CURRENT_PROJECT_VERSION = 1;
				DEVELOPMENT_TEAM = TY9S2C44WR;
				ENABLE_APP_SANDBOX = YES;
				ENABLE_HARDENED_RUNTIME = YES;
				ENABLE_INCOMING_NETWORK_CONNECTIONS = YES;
				ENABLE_OUTGOING_NETWORK_CONNECTIONS = YES;
				ENABLE_PREVIEWS = YES;
				ENABLE_RESOURCE_ACCESS_AUDIO_INPUT = NO;
				ENABLE_RESOURCE_ACCESS_BLUETOOTH = NO;
				ENABLE_RESOURCE_ACCESS_CALENDARS = YES;
				ENABLE_RESOURCE_ACCESS_CAMERA = YES;
				ENABLE_RESOURCE_ACCESS_CONTACTS = YES;
				ENABLE_RESOURCE_ACCESS_LOCATION = YES;
				ENABLE_RESOURCE_ACCESS_PHOTO_LIBRARY = NO;
				ENABLE_RESOURCE_ACCESS_PRINTING = NO;
				ENABLE_RESOURCE_ACCESS_USB = NO;
				ENABLE_USER_SELECTED_FILES = readonly;
				GENERATE_INFOPLIST_FILE = YES;
				INFOPLIST_FILE = momentra/Info.plist;
				INFOPLIST_KEY_NSFaceIDUsageDescription = "";
				"INFOPLIST_KEY_UIApplicationSceneManifest_Generation[sdk=iphoneos*]" = YES;
				"INFOPLIST_KEY_UIApplicationSceneManifest_Generation[sdk=iphonesimulator*]" = YES;
				"INFOPLIST_KEY_UIApplicationSupportsIndirectInputEvents[sdk=iphoneos*]" = YES;
				"INFOPLIST_KEY_UIApplicationSupportsIndirectInputEvents[sdk=iphonesimulator*]" = YES;
				"INFOPLIST_KEY_UILaunchScreen_Generation[sdk=iphoneos*]" = YES;
				"INFOPLIST_KEY_UILaunchScreen_Generation[sdk=iphonesimulator*]" = YES;
				"INFOPLIST_KEY_UIStatusBarStyle[sdk=iphoneos*]" = UIStatusBarStyleDefault;
				"INFOPLIST_KEY_UIStatusBarStyle[sdk=iphonesimulator*]" = UIStatusBarStyleDefault;
				INFOPLIST_KEY_UISupportedInterfaceOrientations_iPad = "UIInterfaceOrientationPortrait UIInterfaceOrientationPortraitUpsideDown UIInterfaceOrientationLandscapeLeft UIInterfaceOrientationLandscapeRight";
				INFOPLIST_KEY_UISupportedInterfaceOrientations_iPhone = "UIInterfaceOrientationPortrait UIInterfaceOrientationLandscapeLeft UIInterfaceOrientationLandscapeRight";
				IPHONEOS_DEPLOYMENT_TARGET = 17.6;
				LD_RUNPATH_SEARCH_PATHS = "@executable_path/Frameworks";
				"LD_RUNPATH_SEARCH_PATHS[sdk=macosx*]" = "@executable_path/../Frameworks";
				MACOSX_DEPLOYMENT_TARGET = 14.6;
				MARKETING_VERSION = 1.0;
				PRODUCT_BUNDLE_IDENTIFIER = MagnatePoint.momentra;
				"PRODUCT_BUNDLE_IDENTIFIER[sdk=iphoneos*]" = MagnatePoint.Momentra;
				"PRODUCT_BUNDLE_IDENTIFIER[sdk=macosx*]" = MagnatePoint.Momentra;
				PRODUCT_NAME = "$(TARGET_NAME)";
				REGISTER_APP_GROUPS = YES;
				RUNTIME_EXCEPTION_ALLOW_DYLD_ENVIRONMENT_VARIABLES = NO;
				RUNTIME_EXCEPTION_ALLOW_JIT = NO;
				RUNTIME_EXCEPTION_ALLOW_UNSIGNED_EXECUTABLE_MEMORY = NO;
				RUNTIME_EXCEPTION_DEBUGGING_TOOL = NO;
				RUNTIME_EXCEPTION_DISABLE_EXECUTABLE_PAGE_PROTECTION = NO;
				RUNTIME_EXCEPTION_DISABLE_LIBRARY_VALIDATION = NO;
				SDKROOT = auto;
				STRING_CATALOG_GENERATE_SYMBOLS = YES;
				SUPPORTED_PLATFORMS = "iphoneos iphonesimulator macosx xros xrsimulator";
				SWIFT_APPROACHABLE_CONCURRENCY = YES;
				SWIFT_DEFAULT_ACTOR_ISOLATION = MainActor;
				SWIFT_EMIT_LOC_STRINGS = YES;
				SWIFT_UPCOMING_FEATURE_MEMBER_IMPORT_VISIBILITY = YES;
				SWIFT_VERSION = 5.0;
				TARGETED_DEVICE_FAMILY = "1,2,7";
				XROS_DEPLOYMENT_TARGET = 26.1;
			};
			name = Debug;
		};
		AA444AE52F9507D50039D728 /* Release */ = {
			isa = XCBuildConfiguration;
			buildSettings = {
				ASSETCATALOG_COMPILER_APPICON_NAME = AppIcon;
				ASSETCATALOG_COMPILER_GLOBAL_ACCENT_COLOR_NAME = AccentColor;
				AUTOMATION_APPLE_EVENTS = YES;
				CODE_SIGN_ENTITLEMENTS = momentra/momentra.entitlements;
				CODE_SIGN_STYLE = Automatic;
				CURRENT_PROJECT_VERSION = 1;
				DEVELOPMENT_TEAM = TY9S2C44WR;
				ENABLE_APP_SANDBOX = YES;
				ENABLE_HARDENED_RUNTIME = YES;
				ENABLE_INCOMING_NETWORK_CONNECTIONS = YES;
				ENABLE_OUTGOING_NETWORK_CONNECTIONS = YES;
				ENABLE_PREVIEWS = YES;
				ENABLE_RESOURCE_ACCESS_AUDIO_INPUT = NO;
				ENABLE_RESOURCE_ACCESS_BLUETOOTH = NO;
				ENABLE_RESOURCE_ACCESS_CALENDARS = YES;
				ENABLE_RESOURCE_ACCESS_CAMERA = YES;
				ENABLE_RESOURCE_ACCESS_CONTACTS = YES;
				ENABLE_RESOURCE_ACCESS_LOCATION = YES;
				ENABLE_RESOURCE_ACCESS_PHOTO_LIBRARY = NO;
				ENABLE_RESOURCE_ACCESS_PRINTING = NO;
				ENABLE_RESOURCE_ACCESS_USB = NO;
				ENABLE_USER_SELECTED_FILES = readonly;
				GENERATE_INFOPLIST_FILE = YES;
				INFOPLIST_FILE = momentra/Info.plist;
				INFOPLIST_KEY_NSFaceIDUsageDescription = "";
				"INFOPLIST_KEY_UIApplicationSceneManifest_Generation[sdk=iphoneos*]" = YES;
				"INFOPLIST_KEY_UIApplicationSceneManifest_Generation[sdk=iphonesimulator*]" = YES;
				"INFOPLIST_KEY_UIApplicationSupportsIndirectInputEvents[sdk=iphoneos*]" = YES;
				"INFOPLIST_KEY_UIApplicationSupportsIndirectInputEvents[sdk=iphonesimulator*]" = YES;
				"INFOPLIST_KEY_UILaunchScreen_Generation[sdk=iphoneos*]" = YES;
				"INFOPLIST_KEY_UILaunchScreen_Generation[sdk=iphonesimulator*]" = YES;
				"INFOPLIST_KEY_UIStatusBarStyle[sdk=iphoneos*]" = UIStatusBarStyleDefault;
				"INFOPLIST_KEY_UIStatusBarStyle[sdk=iphonesimulator*]" = UIStatusBarStyleDefault;
				INFOPLIST_KEY_UISupportedInterfaceOrientations_iPad = "UIInterfaceOrientationPortrait UIInterfaceOrientationPortraitUpsideDown UIInterfaceOrientationLandscapeLeft UIInterfaceOrientationLandscapeRight";
				INFOPLIST_KEY_UISupportedInterfaceOrientations_iPhone = "UIInterfaceOrientationPortrait UIInterfaceOrientationLandscapeLeft UIInterfaceOrientationLandscapeRight";
				IPHONEOS_DEPLOYMENT_TARGET = 17.6;
				LD_RUNPATH_SEARCH_PATHS = "@executable_path/Frameworks";
				"LD_RUNPATH_SEARCH_PATHS[sdk=macosx*]" = "@executable_path/../Frameworks";
				MACOSX_DEPLOYMENT_TARGET = 14.6;
				MARKETING_VERSION = 1.0;
				PRODUCT_BUNDLE_IDENTIFIER = MagnatePoint.momentra;
				"PRODUCT_BUNDLE_IDENTIFIER[sdk=iphoneos*]" = MagnatePoint.Momentra;
				"PRODUCT_BUNDLE_IDENTIFIER[sdk=macosx*]" = MagnatePoint.Momentra;
				PRODUCT_NAME = "$(TARGET_NAME)";
				REGISTER_APP_GROUPS = YES;
				RUNTIME_EXCEPTION_ALLOW_DYLD_ENVIRONMENT_VARIABLES = NO;
				RUNTIME_EXCEPTION_ALLOW_JIT = NO;
				RUNTIME_EXCEPTION_ALLOW_UNSIGNED_EXECUTABLE_MEMORY = NO;
				RUNTIME_EXCEPTION_DEBUGGING_TOOL = NO;
				RUNTIME_EXCEPTION_DISABLE_EXECUTABLE_PAGE_PROTECTION = NO;
				RUNTIME_EXCEPTION_DISABLE_LIBRARY_VALIDATION = NO;
				SDKROOT = auto;
				STRING_CATALOG_GENERATE_SYMBOLS = YES;
				SUPPORTED_PLATFORMS = "iphoneos iphonesimulator macosx xros xrsimulator";
				SWIFT_APPROACHABLE_CONCURRENCY = YES;
				SWIFT_DEFAULT_ACTOR_ISOLATION = MainActor;
				SWIFT_EMIT_LOC_STRINGS = YES;
				SWIFT_UPCOMING_FEATURE_MEMBER_IMPORT_VISIBILITY = YES;
				SWIFT_VERSION = 5.0;
				TARGETED_DEVICE_FAMILY = "1,2,7";
				XROS_DEPLOYMENT_TARGET = 26.1;
			};
			name = Release;
		};
		AA444AE62F9507D50039D728 /* Debug */ = {
			isa = XCBuildConfiguration;
			buildSettings = {
				ALWAYS_SEARCH_USER_PATHS = NO;
				ASSETCATALOG_COMPILER_GENERATE_SWIFT_ASSET_SYMBOL_EXTENSIONS = YES;
				CLANG_ANALYZER_NONNULL = YES;
				CLANG_ANALYZER_NUMBER_OBJECT_CONVERSION = YES_AGGRESSIVE;
				CLANG_CXX_LANGUAGE_STANDARD = "gnu++20";
				CLANG_ENABLE_MODULES = YES;
				CLANG_ENABLE_OBJC_ARC = YES;
				CLANG_ENABLE_OBJC_WEAK = YES;
				CLANG_WARN_BLOCK_CAPTURE_AUTORELEASING = YES;
				CLANG_WARN_BOOL_CONVERSION = YES;
				CLANG_WARN_COMMA = YES;
				CLANG_WARN_CONSTANT_CONVERSION = YES;
				CLANG_WARN_DEPRECATED_OBJC_IMPLEMENTATIONS = YES;
				CLANG_WARN_DIRECT_OBJC_ISA_USAGE = YES_ERROR;
				CLANG_WARN_DOCUMENTATION_COMMENTS = YES;
				CLANG_WARN_EMPTY_BODY = YES;
				CLANG_WARN_ENUM_CONVERSION = YES;
				CLANG_WARN_INFINITE_RECURSION = YES;
				CLANG_WARN_INT_CONVERSION = YES;
				CLANG_WARN_NON_LITERAL_NULL_CONVERSION = YES;
				CLANG_WARN_OBJC_IMPLICIT_RETAIN_SELF = YES;
				CLANG_WARN_OBJC_LITERAL_CONVERSION = YES;
				CLANG_WARN_OBJC_ROOT_CLASS = YES_ERROR;
				CLANG_WARN_QUOTED_INCLUDE_IN_FRAMEWORK_HEADER = YES;
				CLANG_WARN_RANGE_LOOP_ANALYSIS = YES;
				CLANG_WARN_STRICT_PROTOTYPES = YES;
				CLANG_WARN_SUSPICIOUS_MOVE = YES;
				CLANG_WARN_UNGUARDED_AVAILABILITY = YES_AGGRESSIVE;
				CLANG_WARN_UNREACHABLE_CODE = YES;
				CLANG_WARN__DUPLICATE_METHOD_MATCH = YES;
				COPY_PHASE_STRIP = NO;
				DEBUG_INFORMATION_FORMAT = dwarf;
				DEVELOPMENT_TEAM = TY9S2C44WR;
				ENABLE_STRICT_OBJC_MSGSEND = YES;
				ENABLE_TESTABILITY = YES;
				ENABLE_USER_SCRIPT_SANDBOXING = YES;
				GCC_C_LANGUAGE_STANDARD = gnu17;
				GCC_DYNAMIC_NO_PIC = NO;
				GCC_NO_COMMON_BLOCKS = YES;
				GCC_OPTIMIZATION_LEVEL = 0;
				GCC_PREPROCESSOR_DEFINITIONS = (
					"DEBUG=1",
					"$(inherited)",
				);
				GCC_WARN_64_TO_32_BIT_CONVERSION = YES;
				GCC_WARN_ABOUT_RETURN_TYPE = YES_ERROR;
				GCC_WARN_UNDECLARED_SELECTOR = YES;
				GCC_WARN_UNINITIALIZED_AUTOS = YES_AGGRESSIVE;
				GCC_WARN_UNUSED_FUNCTION = YES;
				GCC_WARN_UNUSED_VARIABLE = YES;
				LOCALIZATION_PREFERS_STRING_CATALOGS = YES;
				MTL_ENABLE_DEBUG_INFO = INCLUDE_SOURCE;
				MTL_FAST_MATH = YES;
				ONLY_ACTIVE_ARCH = YES;
				SWIFT_ACTIVE_COMPILATION_CONDITIONS = "DEBUG $(inherited)";
				SWIFT_OPTIMIZATION_LEVEL = "-Onone";
			};
			name = Debug;
		};
		AA444AE72F9507D50039D728 /* Release */ = {
			isa = XCBuildConfiguration;
			buildSettings = {
				ALWAYS_SEARCH_USER_PATHS = NO;
				ASSETCATALOG_COMPILER_GENERATE_SWIFT_ASSET_SYMBOL_EXTENSIONS = YES;
				CLANG_ANALYZER_NONNULL = YES;
				CLANG_ANALYZER_NUMBER_OBJECT_CONVERSION = YES_AGGRESSIVE;
				CLANG_CXX_LANGUAGE_STANDARD = "gnu++20";
				CLANG_ENABLE_MODULES = YES;
				CLANG_ENABLE_OBJC_ARC = YES;
				CLANG_ENABLE_OBJC_WEAK = YES;
				CLANG_WARN_BLOCK_CAPTURE_AUTORELEASING = YES;
				CLANG_WARN_BOOL_CONVERSION = YES;
				CLANG_WARN_COMMA = YES;
				CLANG_WARN_CONSTANT_CONVERSION = YES;
				CLANG_WARN_DEPRECATED_OBJC_IMPLEMENTATIONS = YES;
				CLANG_WARN_DIRECT_OBJC_ISA_USAGE = YES_ERROR;
				CLANG_WARN_DOCUMENTATION_COMMENTS = YES;
				CLANG_WARN_EMPTY_BODY = YES;
				CLANG_WARN_ENUM_CONVERSION = YES;
				CLANG_WARN_INFINITE_RECURSION = YES;
				CLANG_WARN_INT_CONVERSION = YES;
				CLANG_WARN_NON_LITERAL_NULL_CONVERSION = YES;
				CLANG_WARN_OBJC_IMPLICIT_RETAIN_SELF = YES;
				CLANG_WARN_OBJC_LITERAL_CONVERSION = YES;
				CLANG_WARN_OBJC_ROOT_CLASS = YES_ERROR;
				CLANG_WARN_QUOTED_INCLUDE_IN_FRAMEWORK_HEADER = YES;
				CLANG_WARN_RANGE_LOOP_ANALYSIS = YES;
				CLANG_WARN_STRICT_PROTOTYPES = YES;
				CLANG_WARN_SUSPICIOUS_MOVE = YES;
				CLANG_WARN_UNGUARDED_AVAILABILITY = YES_AGGRESSIVE;
				CLANG_WARN_UNREACHABLE_CODE = YES;
				CLANG_WARN__DUPLICATE_METHOD_MATCH = YES;
				COPY_PHASE_STRIP = NO;
				DEBUG_INFORMATION_FORMAT = "dwarf-with-dsym";
				DEVELOPMENT_TEAM = TY9S2C44WR;
				ENABLE_NS_ASSERTIONS = NO;
				ENABLE_STRICT_OBJC_MSGSEND = YES;
				ENABLE_USER_SCRIPT_SANDBOXING = YES;
				GCC_C_LANGUAGE_STANDARD = gnu17;
				GCC_NO_COMMON_BLOCKS = YES;
				GCC_WARN_64_TO_32_BIT_CONVERSION = YES;
				GCC_WARN_ABOUT_RETURN_TYPE = YES_ERROR;
				GCC_WARN_UNDECLARED_SELECTOR = YES;
				GCC_WARN_UNINITIALIZED_AUTOS = YES_AGGRESSIVE;
				GCC_WARN_UNUSED_FUNCTION = YES;
				GCC_WARN_UNUSED_VARIABLE = YES;
				LOCALIZATION_PREFERS_STRING_CATALOGS = YES;
				MTL_ENABLE_DEBUG_INFO = NO;
				MTL_FAST_MATH = YES;
				SWIFT_COMPILATION_MODE = wholemodule;
			};
			name = Release;
		};
		AA444AE92F9507D50039D728 /* Debug */ = {
			isa = XCBuildConfiguration;
			buildSettings = {
				BUNDLE_LOADER = "$(TEST_HOST)";
				CODE_SIGN_STYLE = Automatic;
				CURRENT_PROJECT_VERSION = 1;
				DEVELOPMENT_TEAM = TY9S2C44WR;
				GENERATE_INFOPLIST_FILE = YES;
				IPHONEOS_DEPLOYMENT_TARGET = 26.1;
				MACOSX_DEPLOYMENT_TARGET = 26.1;
				MARKETING_VERSION = 1.0;
				PRODUCT_BUNDLE_IDENTIFIER = MagnatePoint.momentraTests;
				PRODUCT_NAME = "$(TARGET_NAME)";
				SDKROOT = auto;
				STRING_CATALOG_GENERATE_SYMBOLS = NO;
				SUPPORTED_PLATFORMS = "iphoneos iphonesimulator macosx xros xrsimulator";
				SWIFT_APPROACHABLE_CONCURRENCY = YES;
				SWIFT_EMIT_LOC_STRINGS = NO;
				SWIFT_UPCOMING_FEATURE_MEMBER_IMPORT_VISIBILITY = YES;
				SWIFT_VERSION = 5.0;
				TARGETED_DEVICE_FAMILY = "1,2,7";
				TEST_HOST = "$(BUILT_PRODUCTS_DIR)/momentra.app/$(BUNDLE_EXECUTABLE_FOLDER_PATH)/momentra";
				XROS_DEPLOYMENT_TARGET = 26.1;
			};
			name = Debug;
		};
		AA444AEA2F9507D50039D728 /* Release */ = {
			isa = XCBuildConfiguration;
			buildSettings = {
				BUNDLE_LOADER = "$(TEST_HOST)";
				CODE_SIGN_STYLE = Automatic;
				CURRENT_PROJECT_VERSION = 1;
				DEVELOPMENT_TEAM = TY9S2C44WR;
				GENERATE_INFOPLIST_FILE = YES;
				IPHONEOS_DEPLOYMENT_TARGET = 26.1;
				MACOSX_DEPLOYMENT_TARGET = 26.1;
				MARKETING_VERSION = 1.0;
				PRODUCT_BUNDLE_IDENTIFIER = MagnatePoint.momentraTests;
				PRODUCT_NAME = "$(TARGET_NAME)";
				SDKROOT = auto;
				STRING_CATALOG_GENERATE_SYMBOLS = NO;
				SUPPORTED_PLATFORMS = "iphoneos iphonesimulator macosx xros xrsimulator";
				SWIFT_APPROACHABLE_CONCURRENCY = YES;
				SWIFT_EMIT_LOC_STRINGS = NO;
				SWIFT_UPCOMING_FEATURE_MEMBER_IMPORT_VISIBILITY = YES;
				SWIFT_VERSION = 5.0;
				TARGETED_DEVICE_FAMILY = "1,2,7";
				TEST_HOST = "$(BUILT_PRODUCTS_DIR)/momentra.app/$(BUNDLE_EXECUTABLE_FOLDER_PATH)/momentra";
				XROS_DEPLOYMENT_TARGET = 26.1;
			};
			name = Release;
		};
		AA444AEC2F9507D50039D728 /* Debug */ = {
			isa = XCBuildConfiguration;
			buildSettings = {
				CODE_SIGN_STYLE = Automatic;
				CURRENT_PROJECT_VERSION = 1;
				DEVELOPMENT_TEAM = TY9S2C44WR;
				GENERATE_INFOPLIST_FILE = YES;
				IPHONEOS_DEPLOYMENT_TARGET = 26.1;
				MACOSX_DEPLOYMENT_TARGET = 26.1;
				MARKETING_VERSION = 1.0;
				PRODUCT_BUNDLE_IDENTIFIER = MagnatePoint.momentraUITests;
				PRODUCT_NAME = "$(TARGET_NAME)";
				SDKROOT = auto;
				STRING_CATALOG_GENERATE_SYMBOLS = NO;
				SUPPORTED_PLATFORMS = "iphoneos iphonesimulator macosx xros xrsimulator";
				SWIFT_APPROACHABLE_CONCURRENCY = YES;
				SWIFT_EMIT_LOC_STRINGS = NO;
				SWIFT_UPCOMING_FEATURE_MEMBER_IMPORT_VISIBILITY = YES;
				SWIFT_VERSION = 5.0;
				TARGETED_DEVICE_FAMILY = "1,2,7";
				TEST_TARGET_NAME = momentra;
				XROS_DEPLOYMENT_TARGET = 26.1;
			};
			name = Debug;
		};
		AA444AED2F9507D50039D728 /* Release */ = {
			isa = XCBuildConfiguration;
			buildSettings = {
				CODE_SIGN_STYLE = Automatic;
				CURRENT_PROJECT_VERSION = 1;
				DEVELOPMENT_TEAM = TY9S2C44WR;
				GENERATE_INFOPLIST_FILE = YES;
				IPHONEOS_DEPLOYMENT_TARGET = 26.1;
				MACOSX_DEPLOYMENT_TARGET = 26.1;
				MARKETING_VERSION = 1.0;
				PRODUCT_BUNDLE_IDENTIFIER = MagnatePoint.momentraUITests;
				PRODUCT_NAME = "$(TARGET_NAME)";
				SDKROOT = auto;
				STRING_CATALOG_GENERATE_SYMBOLS = NO;
				SUPPORTED_PLATFORMS = "iphoneos iphonesimulator macosx xros xrsimulator";
				SWIFT_APPROACHABLE_CONCURRENCY = YES;
				SWIFT_EMIT_LOC_STRINGS = NO;
				SWIFT_UPCOMING_FEATURE_MEMBER_IMPORT_VISIBILITY = YES;
				SWIFT_VERSION = 5.0;
				TARGETED_DEVICE_FAMILY = "1,2,7";
				TEST_TARGET_NAME = momentra;
				XROS_DEPLOYMENT_TARGET = 26.1;
			};
			name = Release;
		};
/* End XCBuildConfiguration section */

/* Begin XCConfigurationList section */
		AA444ABA2F9507D30039D728 /* Build configuration list for PBXProject "momentra" */ = {
			isa = XCConfigurationList;
			buildConfigurations = (
				AA444AE62F9507D50039D728 /* Debug */,
				AA444AE72F9507D50039D728 /* Release */,
			);
			defaultConfigurationIsVisible = 0;
			defaultConfigurationName = Release;
		};
		AA444AE32F9507D50039D728 /* Build configuration list for PBXNativeTarget "momentra" */ = {
			isa = XCConfigurationList;
			buildConfigurations = (
				AA444AE42F9507D50039D728 /* Debug */,
				AA444AE52F9507D50039D728 /* Release */,
			);
			defaultConfigurationIsVisible = 0;
			defaultConfigurationName = Release;
		};
		AA444AE82F9507D50039D728 /* Build configuration list for PBXNativeTarget "momentraTests" */ = {
			isa = XCConfigurationList;
			buildConfigurations = (
				AA444AE92F9507D50039D728 /* Debug */,
				AA444AEA2F9507D50039D728 /* Release */,
			);
			defaultConfigurationIsVisible = 0;
			defaultConfigurationName = Release;
		};
		AA444AEB2F9507D50039D728 /* Build configuration list for PBXNativeTarget "momentraUITests" */ = {
			isa = XCConfigurationList;
			buildConfigurations = (
				AA444AEC2F9507D50039D728 /* Debug */,
				AA444AED2F9507D50039D728 /* Release */,
			);
			defaultConfigurationIsVisible = 0;
			defaultConfigurationName = Release;
		};
/* End XCConfigurationList section */

/* Begin XCRemoteSwiftPackageReference section */
		AA444AF32F9507D50039D728 /* XCRemoteSwiftPackageReference "firebase-ios-sdk" */ = {
			isa = XCRemoteSwiftPackageReference;
			repositoryURL = "https://github.com/firebase/firebase-ios-sdk";
			requirement = {
				kind = upToNextMajorVersion;
				minimumVersion = 11.0.0;
			};
		};
		AA444C202F95359A0039D728 /* XCRemoteSwiftPackageReference "GoogleSignIn-iOS" */ = {
			isa = XCRemoteSwiftPackageReference;
			repositoryURL = "https://github.com/google/GoogleSignIn-iOS";
			requirement = {
				kind = upToNextMajorVersion;
				minimumVersion = 8.0.0;
			};
		};
/* End XCRemoteSwiftPackageReference section */

/* Begin XCSwiftPackageProductDependency section */
		AA444AF42F9507D50039D728 /* FirebaseAuth */ = {
			isa = XCSwiftPackageProductDependency;
			package = AA444AF32F9507D50039D728 /* XCRemoteSwiftPackageReference "firebase-ios-sdk" */;
			productName = FirebaseAuth;
		};
		AA444AF52F9507D50039D728 /* FirebaseCore */ = {
			isa = XCSwiftPackageProductDependency;
			package = AA444AF32F9507D50039D728 /* XCRemoteSwiftPackageReference "firebase-ios-sdk" */;
			productName = FirebaseCore;
		};
		AA444BF42F95359A0039D728 /* FirebaseAnalytics */ = {
			isa = XCSwiftPackageProductDependency;
			package = AA444AF32F9507D50039D728 /* XCRemoteSwiftPackageReference "firebase-ios-sdk" */;
			productName = FirebaseAnalytics;
		};
		AA444BF62F95359A0039D728 /* FirebaseAnalyticsCore */ = {
			isa = XCSwiftPackageProductDependency;
			package = AA444AF32F9507D50039D728 /* XCRemoteSwiftPackageReference "firebase-ios-sdk" */;
			productName = FirebaseAnalyticsCore;
		};
		AA444BF82F95359A0039D728 /* FirebaseAuthCombine-Community */ = {
			isa = XCSwiftPackageProductDependency;
			package = AA444AF32F9507D50039D728 /* XCRemoteSwiftPackageReference "firebase-ios-sdk" */;
			productName = "FirebaseAuthCombine-Community";
		};
		AA444BFA2F95359A0039D728 /* FirebaseCrashlytics */ = {
			isa = XCSwiftPackageProductDependency;
			package = AA444AF32F9507D50039D728 /* XCRemoteSwiftPackageReference "firebase-ios-sdk" */;
			productName = FirebaseCrashlytics;
		};
		AA444C212F95359A0039D728 /* GoogleSignIn */ = {
			isa = XCSwiftPackageProductDependency;
			package = AA444C202F95359A0039D728 /* XCRemoteSwiftPackageReference "GoogleSignIn-iOS" */;
			productName = GoogleSignIn;
		};
/* End XCSwiftPackageProductDependency section */
	};
	rootObject = AA444AB72F9507D30039D728 /* Project object */;
}
